<?xml version="1.0" encoding="utf-8"?>
<Project ToolsVersion="4.0" xmlns="http://schemas.microsoft.com/developer/msbuild/2003">
  <ItemGroup>
    <Filter Include="win32">
      <UniqueIdentifier>{84a8ebd7-7cf0-47f6-b75e-d441df67da40}</UniqueIdentifier>
    </Filter>
    <Filter Include="resource">
      <UniqueIdentifier>{715254bc-d70b-4ec5-bf29-467dd3ace079}</UniqueIdentifier>
    </Filter>
    <Filter Include="src">
      <UniqueIdentifier>{bb6c862e-70e9-49d9-81b7-3829a6f50471}</UniqueIdentifier>
    </Filter>
    <Filter Include="src\ThirdParties">
      <UniqueIdentifier>{6991c47e-13db-436a-b23e-e5fb16ae6cf5}</UniqueIdentifier>
    </Filter>
    <Filter Include="src\ThirdParties\jsoncpp">
      <UniqueIdentifier>{14f249ba-6450-4698-93fb-0931ac45fa8f}</UniqueIdentifier>
    </Filter>
    <Filter Include="src\scenes">
      <UniqueIdentifier>{7be319df-315d-4c00-9d81-cda5c3af787f}</UniqueIdentifier>
    </Filter>
    <Filter Include="src\sprites">
      <UniqueIdentifier>{3f379813-e893-4c71-a7b7-944c454064f1}</UniqueIdentifier>
    </Filter>
  </ItemGroup>
  <ItemGroup>
    <ClCompile Include="main.cpp">
      <Filter>win32</Filter>
    </ClCompile>
    <ClCompile Include="..\Classes\AppDelegate.cpp">
      <Filter>src</Filter>
    </ClCompile>
    <ClCompile Include="..\ThirdParties\jsoncpp\jsoncpp.cpp">
      <Filter>src\ThirdParties\jsoncpp</Filter>
    </ClCompile>
    <ClCompile Include="..\Classes\AnimateScene.cpp">
      <Filter>src\scenes</Filter>
    </ClCompile>
    <ClCompile Include="..\Classes\GraphicsScene.cpp">
      <Filter>src\scenes</Filter>
    </ClCompile>
    <ClCompile Include="..\Classes\HelloWorldScene.cpp">
      <Filter>src\scenes</Filter>
    </ClCompile>
    <ClCompile Include="..\Classes\KeyboardScene.cpp">
      <Filter>src\scenes</Filter>
    </ClCompile>
    <ClCompile Include="..\Classes\MouseScene.cpp">
      <Filter>src\scenes</Filter>
    </ClCompile>
    <ClCompile Include="..\Classes\MultiTouch.cpp">
      <Filter>src\scenes</Filter>
    </ClCompile>
    <ClCompile Include="..\Classes\TouchScene.cpp">
      <Filter>src\scenes</Filter>
    </ClCompile>
    <ClCompile Include="..\Classes\Actor.cpp">
      <Filter>src\sprites</Filter>
    </ClCompile>
    <ClCompile Include="..\Classes\Magic.cpp">
      <Filter>src\sprites</Filter>
    </ClCompile>
  </ItemGroup>
  <ItemGroup>
    <ClInclude Include="main.h">
      <Filter>win32</Filter>
    </ClInclude>
    <ClInclude Include="..\Classes\AppDelegate.h">
      <Filter>src</Filter>
    </ClInclude>
    <ClInclude Include="..\ThirdParties\jsoncpp\json\json.h">
      <Filter>src\ThirdParties\jsoncpp</Filter>
    </ClInclude>
    <ClInclude Include="..\ThirdParties\jsoncpp\json\json-forwards.h">
      <Filter>src\ThirdParties\jsoncpp</Filter>
    </ClInclude>
    <ClInclude Include="..\Classes\AnimateScene.hpp">
      <Filter>src\scenes</Filter>
    </ClInclude>
    <ClInclude Include="..\Classes\GraphicsScene.h">
      <Filter>src\scenes</Filter>
    </ClInclude>
    <ClInclude Include="..\Classes\HelloWorldScene.h">
      <Filter>src\scenes</Filter>
    </ClInclude>
    <ClInclude Include="..\Classes\KeyboardScene.h">
      <Filter>src\scenes</Filter>
    </ClInclude>
    <ClInclude Include="..\Classes\MouseScene.h">
      <Filter>src\scenes</Filter>
    </ClInclude>
    <ClInclude Include="..\Classes\MultiTouch.h">
      <Filter>src\scenes</Filter>
    </ClInclude>
    <ClInclude Include="..\Classes\TouchScene.h">
      <Filter>src\scenes</Filter>
    </ClInclude>
    <ClInclude Include="Actor.h" />
    <ClInclude Include="..\Classes\Actor.h">
      <Filter>src\sprites</Filter>
    </ClInclude>
    <ClInclude Include="..\Classes\Magic.h">
      <Filter>src\sprites</Filter>
    </ClInclude>
  </ItemGroup>
  <ItemGroup>
    <ResourceCompile Include="game.rc">
      <Filter>resource</Filter>
    </ResourceCompile>
  </ItemGroup>
  <ItemGroup>
    <Image Include="..\Resources\autobot.png">
      <Filter>resource</Filter>
    </Image>
    <Image Include="..\Resources\CloseNormal.png">
      <Filter>resource</Filter>
    </Image>
    <Image Include="..\Resources\CloseSelected.png">
      <Filter>resource</Filter>
    </Image>
    <Image Include="..\Resources\decepticon.png">
      <Filter>resource</Filter>
    </Image>
    <Image Include="..\Resources\HelloWorld.png">
      <Filter>resource</Filter>
    </Image>
  </ItemGroup>
</Project>