<?xml version="1.0" encoding="utf-8"?>
<Project ToolsVersion="4.0" xmlns="http://schemas.microsoft.com/developer/msbuild/2003">
  <ItemGroup>
    <Filter Include="win32">
      <UniqueIdentifier>{84a8ebd7-7cf0-47f6-b75e-d441df67da40}</UniqueIdentifier>
    </Filter>
    <Filter Include="resource">
      <UniqueIdentifier>{715254bc-d70b-4ec5-bf29-467dd3ace079}</UniqueIdentifier>
    </Filter>
    <Filter Include="src">
      <UniqueIdentifier>{bb6c862e-70e9-49d9-81b7-3829a6f50471}</UniqueIdentifier>
    </Filter>
    <Filter Include="src\ThirdParties">
      <UniqueIdentifier>{6991c47e-13db-436a-b23e-e5fb16ae6cf5}</UniqueIdentifier>
    </Filter>
    <Filter Include="src\ThirdParties\jsoncpp">
      <UniqueIdentifier>{14f249ba-6450-4698-93fb-0931ac45fa8f}</UniqueIdentifier>
    </Filter>
    <Filter Include="src\scenes">
      <UniqueIdentifier>{7be319df-315d-4c00-9d81-cda5c3af787f}</UniqueIdentifier>
    </Filter>
    <Filter Include="src\sprites">
      <UniqueIdentifier>{3f379813-e893-4c71-a7b7-944c454064f1}</UniqueIdentifier>
    </Filter>
    <Filter Include="src\utils">
      <UniqueIdentifier>{9656fe40-511e-419b-bfa3-07636dcc86b8}</UniqueIdentifier>
    </Filter>
    <Filter Include="src\utils\parser">
      <UniqueIdentifier>{928ab917-2a68-4ff7-b029-1cbbcccc348a}</UniqueIdentifier>
    </Filter>
    <Filter Include="src\ui">
      <UniqueIdentifier>{52452038-8d30-4e61-b095-8ec3459b00d6}</UniqueIdentifier>
    </Filter>
    <Filter Include="src\utils\animate">
      <UniqueIdentifier>{86c27da5-29d7-4b9d-ab1c-0992da825606}</UniqueIdentifier>
    </Filter>
  </ItemGroup>
  <ItemGroup>
    <ClCompile Include="main.cpp">
      <Filter>win32</Filter>
    </ClCompile>
    <ClCompile Include="..\Classes\AppDelegate.cpp">
      <Filter>src</Filter>
    </ClCompile>
    <ClCompile Include="..\ThirdParties\jsoncpp\jsoncpp.cpp">
      <Filter>src\ThirdParties\jsoncpp</Filter>
    </ClCompile>
    <ClCompile Include="..\Classes\Actor.cpp">
      <Filter>src\sprites</Filter>
    </ClCompile>
    <ClCompile Include="..\Classes\Magic.cpp">
      <Filter>src\sprites</Filter>
    </ClCompile>
    <ClCompile Include="..\Classes\ActorParser.cpp">
      <Filter>src\utils\parser</Filter>
    </ClCompile>
    <ClCompile Include="..\Classes\MapScene.cpp">
      <Filter>src\scenes</Filter>
    </ClCompile>
    <ClCompile Include="..\Classes\CombatScene.cpp">
      <Filter>src\scenes</Filter>
    </ClCompile>
    <ClCompile Include="..\Classes\MainPanel.cpp">
      <Filter>src\ui</Filter>
    </ClCompile>
    <ClCompile Include="..\Classes\AnimationManager.cpp">
      <Filter>src\utils\animate</Filter>
    </ClCompile>
    <ClCompile Include="..\Classes\NPCDialog.cpp">
      <Filter>src\ui</Filter>
    </ClCompile>
  </ItemGroup>
  <ItemGroup>
    <ClInclude Include="main.h">
      <Filter>win32</Filter>
    </ClInclude>
    <ClInclude Include="..\Classes\AppDelegate.h">
      <Filter>src</Filter>
    </ClInclude>
    <ClInclude Include="..\ThirdParties\jsoncpp\json\json.h">
      <Filter>src\ThirdParties\jsoncpp</Filter>
    </ClInclude>
    <ClInclude Include="..\ThirdParties\jsoncpp\json\json-forwards.h">
      <Filter>src\ThirdParties\jsoncpp</Filter>
    </ClInclude>
    <ClInclude Include="..\Classes\Actor.h">
      <Filter>src\sprites</Filter>
    </ClInclude>
    <ClInclude Include="..\Classes\Magic.h">
      <Filter>src\sprites</Filter>
    </ClInclude>
    <ClInclude Include="..\Classes\ActorParser.h">
      <Filter>src\utils\parser</Filter>
    </ClInclude>
    <ClInclude Include="..\Classes\MapScene.h">
      <Filter>src\scenes</Filter>
    </ClInclude>
    <ClInclude Include="..\Classes\CombatScene.h">
      <Filter>src\scenes</Filter>
    </ClInclude>
    <ClInclude Include="..\Classes\MainPanel.h">
      <Filter>src\ui</Filter>
    </ClInclude>
    <ClInclude Include="..\Classes\AnimationManager.h">
      <Filter>src\utils\animate</Filter>
    </ClInclude>
    <ClInclude Include="..\Classes\NPCDialog.h">
      <Filter>src\ui</Filter>
    </ClInclude>
  </ItemGroup>
  <ItemGroup>
    <ResourceCompile Include="game.rc">
      <Filter>resource</Filter>
    </ResourceCompile>
  </ItemGroup>
  <ItemGroup>
    <Image Include="..\Resources\autobot.png">
      <Filter>resource</Filter>
    </Image>
    <Image Include="..\Resources\CloseNormal.png">
      <Filter>resource</Filter>
    </Image>
    <Image Include="..\Resources\CloseSelected.png">
      <Filter>resource</Filter>
    </Image>
    <Image Include="..\Resources\decepticon.png">
      <Filter>resource</Filter>
    </Image>
    <Image Include="..\Resources\HelloWorld.png">
      <Filter>resource</Filter>
    </Image>
  </ItemGroup>
</Project>